# This file is generated by running "yarn install" inside your project.
# Manual changes might be lost - proceed with caution!

__metadata:
  version: 8
  cacheKey: 10c0

"husky@npm:^8.0.3":
  version: 8.0.3
  resolution: "husky@npm:8.0.3"
  bin:
    husky: lib/bin.js
  checksum: 6722591771c657b91a1abb082e07f6547eca79144d678e586828ae806499d90dce2a6aee08b66183fd8b085f19d20e0990a2ad396961746b4c8bd5bdb619d668
  languageName: node
  linkType: hard

"sbx-package-json@workspace:.":
  version: 0.0.0-use.local
  resolution: "sbx-package-json@workspace:."
  dependencies:
    husky: "npm:^8.0.3"
  languageName: unknown
  linkType: soft
